
Microsoft Visual Studio Solution File, Format Version 12.00
# Visual Studio Version 16
VisualStudioVersion = 16.0.31424.327
MinimumVisualStudioVersion = 10.0.40219.1
Project("{9A19103F-16F7-4668-BE54-9A1E7A4F7556}") = "Chapter 8", "Chapter 8.csproj", "{35C5ED57-7D96-4513-A7AD-6E7C27393C86}"
EndProject
Global
	GlobalSection(SolutionConfigurationPlatforms) = preSolution
		Debug|Any CPU = Debug|Any CPU
		Release|Any CPU = Release|Any CPU
	EndGlobalSection
	GlobalSection(ProjectConfigurationPlatforms) = postSolution
		{35C5ED57-7D96-4513-A7AD-6E7C27393C86}.Debug|Any CPU.ActiveCfg = Debug|Any CPU
		{35C5ED57-7D96-4513-A7AD-6E7C27393C86}.Debug|Any CPU.Build.0 = Debug|Any CPU
		{35C5ED57-7D96-4513-A7AD-6E7C27393C86}.Release|Any CPU.ActiveCfg = Release|Any CPU
		{35C5ED57-7D96-4513-A7AD-6E7C27393C86}.Release|Any CPU.Build.0 = Release|Any CPU
	EndGlobalSection
	GlobalSection(SolutionProperties) = preSolution
		HideSolutionNode = FALSE
	EndGlobalSection
	GlobalSection(ExtensibilityGlobals) = postSolution
		SolutionGuid = {85B20625-D714-429A-872F-FEE5D10E9285}
	EndGlobalSection
EndGlobal
